
Microsoft Visual Studio Solution File, Format Version 12.00
# Visual Studio Version 17
VisualStudioVersion = 17.7.34202.233
MinimumVisualStudioVersion = 10.0.40219.1
Project("{FAE04EC0-301F-11D3-BF4B-00C04F79EFBC}") = "backend", "backend\backend.csproj", "{1E0718CD-E653-4A69-B16A-0CA5D0DD6489}"
EndProject
Global
	GlobalSection(SolutionConfigurationPlatforms) = preSolution
		Debug|Any CPU = Debug|Any CPU
		Release|Any CPU = Release|Any CPU
	EndGlobalSection
	GlobalSection(ProjectConfigurationPlatforms) = postSolution
		{1E0718CD-E653-4A69-B16A-0CA5D0DD6489}.Debug|Any CPU.ActiveCfg = Debug|Any CPU
		{1E0718CD-E653-4A69-B16A-0CA5D0DD6489}.Debug|Any CPU.Build.0 = Debug|Any CPU
		{1E0718CD-E653-4A69-B16A-0CA5D0DD6489}.Release|Any CPU.ActiveCfg = Release|Any CPU
		{1E0718CD-E653-4A69-B16A-0CA5D0DD6489}.Release|Any CPU.Build.0 = Release|Any CPU
	EndGlobalSection
	GlobalSection(SolutionProperties) = preSolution
		HideSolutionNode = FALSE
	EndGlobalSection
	GlobalSection(ExtensibilityGlobals) = postSolution
		SolutionGuid = {CB2DEBE4-9981-4329-85E0-4BB9870C0680}
	EndGlobalSection
EndGlobal
